lockfileVersion: 5.3

specifiers:
  '@iarna/toml': ^2.2.5
  '@types/core-js': ^2.5.5
  '@types/node': ^14.17.9
  '@types/node-fetch': ^2.5.12
  '@types/source-map-support': ^0.5.4
  core-js: ^3.16.2
  esbuild: ^0.12.21
  node-fetch: ^2.6.1
  raw-body: ^2.4.1
  source-map-support: ^0.5.19
  typescript: ^4.3.5

dependencies:
  '@iarna/toml': registry.nlark.com/@iarna/toml/2.2.5
  core-js: registry.nlark.com/core-js/3.16.2
  node-fetch: registry.nlark.com/node-fetch/2.6.1
  raw-body: 2.4.1
  source-map-support: registry.nlark.com/source-map-support/0.5.19

devDependencies:
  '@types/core-js': registry.nlark.com/@types/core-js/2.5.5
  '@types/node': registry.nlark.com/@types/node/14.17.9
  '@types/node-fetch': registry.nlark.com/@types/node-fetch/2.5.12
  '@types/source-map-support': registry.nlark.com/@types/source-map-support/0.5.4
  esbuild: registry.nlark.com/esbuild/0.12.21
  typescript: registry.nlark.com/typescript/4.3.5

packages:

  /bytes/3.1.0:
    resolution: {integrity: sha1-9s95M6Ng4FiPqf3oVlHNx/gF0fY=, tarball: bytes/download/bytes-3.1.0.tgz}
    engines: {node: '>= 0.8'}
    dev: false

  /combined-stream/1.0.8:
    resolution: {integrity: sha1-w9RaizT9cwYxoRCoolIGgrMdWn8=, tarball: combined-stream/download/combined-stream-1.0.8.tgz}
    engines: {node: '>= 0.8'}
    dependencies:
      delayed-stream: 1.0.0
    dev: true

  /delayed-stream/1.0.0:
    resolution: {integrity: sha1-3zrhmayt+31ECqrgsp4icrJOxhk=, tarball: delayed-stream/download/delayed-stream-1.0.0.tgz}
    engines: {node: '>=0.4.0'}
    dev: true

  /depd/1.1.2:
    resolution: {integrity: sha1-m81S4UwJd2PnSbJ0xDRu0uVgtak=, tarball: depd/download/depd-1.1.2.tgz}
    engines: {node: '>= 0.6'}
    dev: false

  /http-errors/1.7.3:
    resolution: {integrity: sha1-bGGeT5xgMIw4UZSYwU+7EKrOuwY=, tarball: http-errors/download/http-errors-1.7.3.tgz}
    engines: {node: '>= 0.6'}
    dependencies:
      depd: 1.1.2
      inherits: 2.0.4
      setprototypeof: 1.1.1
      statuses: registry.nlark.com/statuses/1.5.0
      toidentifier: 1.0.0
    dev: false

  /inherits/2.0.4:
    resolution: {integrity: sha1-D6LGT5MpF8NDOg3tVTY6rjdBa3w=, tarball: inherits/download/inherits-2.0.4.tgz}
    dev: false

  /raw-body/2.4.1:
    resolution: {integrity: sha1-MKyC+Yu1rowVLmcUnayNVRU7Fow=, tarball: raw-body/download/raw-body-2.4.1.tgz}
    engines: {node: '>= 0.8'}
    dependencies:
      bytes: 3.1.0
      http-errors: 1.7.3
      iconv-lite: registry.nlark.com/iconv-lite/0.4.24
      unpipe: registry.nlark.com/unpipe/1.0.0
    dev: false

  /safer-buffer/2.1.2:
    resolution: {integrity: sha1-RPoWGwGHuVSd2Eu5GAL5vYOFzWo=, tarball: safer-buffer/download/safer-buffer-2.1.2.tgz}
    dev: false

  /setprototypeof/1.1.1:
    resolution: {integrity: sha1-fpWsskqpL1iF4KvvW6ExMw1K5oM=, tarball: setprototypeof/download/setprototypeof-1.1.1.tgz}
    dev: false

  /toidentifier/1.0.0:
    resolution: {integrity: sha1-fhvjRw8ed5SLxD2Uo8j013UrpVM=, tarball: toidentifier/download/toidentifier-1.0.0.tgz}
    engines: {node: '>=0.6'}
    dev: false

  registry.nlark.com/@iarna/toml/2.2.5:
    resolution: {integrity: sha1-syNmyJtDxvjO+976x3i5yCjjuow=, registry: https://registry.npm.taobao.org/, tarball: https://registry.nlark.com/@iarna/toml/download/@iarna/toml-2.2.5.tgz}
    name: '@iarna/toml'
    version: 2.2.5
    dev: false

  registry.nlark.com/@types/core-js/2.5.5:
    resolution: {integrity: sha1-3FoBPuCyO9WsEmQDhU+tq7TyT3U=, registry: https://registry.npm.taobao.org/, tarball: https://registry.nlark.com/@types/core-js/download/@types/core-js-2.5.5.tgz}
    name: '@types/core-js'
    version: 2.5.5
    dev: true

  registry.nlark.com/@types/node-fetch/2.5.12:
    resolution: {integrity: sha1-im93mx1OYLelf7b9SNhPtUW5zGY=, registry: https://registry.npm.taobao.org/, tarball: https://registry.nlark.com/@types/node-fetch/download/@types/node-fetch-2.5.12.tgz?cache=0&sync_timestamp=1628064025501&other_urls=https%3A%2F%2Fregistry.nlark.com%2F%40types%2Fnode-fetch%2Fdownload%2F%40types%2Fnode-fetch-2.5.12.tgz}
    name: '@types/node-fetch'
    version: 2.5.12
    dependencies:
      '@types/node': registry.nlark.com/@types/node/14.17.9
      form-data: registry.nlark.com/form-data/3.0.1
    dev: true

  registry.nlark.com/@types/node/14.17.9:
    resolution: {integrity: sha1-uXwFfmE4rbe3IN8r0CZLA8n1BP0=, registry: https://registry.npm.taobao.org/, tarball: https://registry.nlark.com/@types/node/download/@types/node-14.17.9.tgz?cache=0&sync_timestamp=1628801132649&other_urls=https%3A%2F%2Fregistry.nlark.com%2F%40types%2Fnode%2Fdownload%2F%40types%2Fnode-14.17.9.tgz}
    name: '@types/node'
    version: 14.17.9
    dev: true

  registry.nlark.com/@types/source-map-support/0.5.4:
    resolution: {integrity: sha1-V0/2qGNrwOuueKgBQTb3SbMXfVg=, registry: https://registry.npm.taobao.org/, tarball: https://registry.nlark.com/@types/source-map-support/download/@types/source-map-support-0.5.4.tgz}
    name: '@types/source-map-support'
    version: 0.5.4
    dependencies:
      source-map: registry.nlark.com/source-map/0.6.1
    dev: true

  registry.nlark.com/asynckit/0.4.0:
    resolution: {integrity: sha1-x57Zf380y48robyXkLzDZkdLS3k=, registry: https://registry.npm.taobao.org/, tarball: https://registry.nlark.com/asynckit/download/asynckit-0.4.0.tgz}
    name: asynckit
    version: 0.4.0
    dev: true

  registry.nlark.com/buffer-from/1.1.2:
    resolution: {integrity: sha1-KxRqb9cugLT1XSVfNe1Zo6mkG9U=, registry: https://registry.npm.taobao.org/, tarball: https://registry.nlark.com/buffer-from/download/buffer-from-1.1.2.tgz}
    name: buffer-from
    version: 1.1.2
    dev: false

  registry.nlark.com/core-js/3.16.2:
    resolution: {integrity: sha1-P0hYIoicf8SO9GPjW+XMKkoBofQ=, registry: https://registry.npm.taobao.org/, tarball: https://registry.nlark.com/core-js/download/core-js-3.16.2.tgz?cache=0&sync_timestamp=1629207467014&other_urls=https%3A%2F%2Fregistry.nlark.com%2Fcore-js%2Fdownload%2Fcore-js-3.16.2.tgz}
    name: core-js
    version: 3.16.2
    requiresBuild: true
    dev: false

  registry.nlark.com/esbuild/0.12.21:
    resolution: {integrity: sha1-f/Mqmsc85DEPnLYepMPal1ZXDUY=, registry: https://registry.npm.taobao.org/, tarball: https://registry.nlark.com/esbuild/download/esbuild-0.12.21.tgz}
    name: esbuild
    version: 0.12.21
    hasBin: true
    requiresBuild: true
    dev: true

  registry.nlark.com/form-data/3.0.1:
    resolution: {integrity: sha1-69U3kbeDVqma+aMA1CgsTV65dV8=, registry: https://registry.npm.taobao.org/, tarball: https://registry.nlark.com/form-data/download/form-data-3.0.1.tgz}
    name: form-data
    version: 3.0.1
    engines: {node: '>= 6'}
    dependencies:
      asynckit: registry.nlark.com/asynckit/0.4.0
      combined-stream: 1.0.8
      mime-types: registry.nlark.com/mime-types/2.1.32
    dev: true

  registry.nlark.com/iconv-lite/0.4.24:
    resolution: {integrity: sha1-ICK0sl+93CHS9SSXSkdKr+czkIs=, registry: https://registry.npm.taobao.org/, tarball: https://registry.nlark.com/iconv-lite/download/iconv-lite-0.4.24.tgz}
    name: iconv-lite
    version: 0.4.24
    engines: {node: '>=0.10.0'}
    dependencies:
      safer-buffer: 2.1.2
    dev: false

  registry.nlark.com/mime-db/1.49.0:
    resolution: {integrity: sha1-89/eYMmenPO8lwHWh3ePU3ABy+0=, registry: https://registry.npm.taobao.org/, tarball: https://registry.nlark.com/mime-db/download/mime-db-1.49.0.tgz}
    name: mime-db
    version: 1.49.0
    engines: {node: '>= 0.6'}
    dev: true

  registry.nlark.com/mime-types/2.1.32:
    resolution: {integrity: sha1-HQDonn3n/gIAjbYQAdngKFJnD9U=, registry: https://registry.npm.taobao.org/, tarball: https://registry.nlark.com/mime-types/download/mime-types-2.1.32.tgz}
    name: mime-types
    version: 2.1.32
    engines: {node: '>= 0.6'}
    dependencies:
      mime-db: registry.nlark.com/mime-db/1.49.0
    dev: true

  registry.nlark.com/node-fetch/2.6.1:
    resolution: {integrity: sha1-BFvTI2Mfdu0uK1VXM5RBa2OaAFI=, registry: https://registry.npm.taobao.org/, tarball: https://registry.nlark.com/node-fetch/download/node-fetch-2.6.1.tgz?cache=0&sync_timestamp=1626700854698&other_urls=https%3A%2F%2Fregistry.nlark.com%2Fnode-fetch%2Fdownload%2Fnode-fetch-2.6.1.tgz}
    name: node-fetch
    version: 2.6.1
    engines: {node: 4.x || >=6.0.0}
    dev: false

  registry.nlark.com/source-map-support/0.5.19:
    resolution: {integrity: sha1-qYti+G3K9PZzmWSMCFKRq56P7WE=, registry: https://registry.npm.taobao.org/, tarball: https://registry.nlark.com/source-map-support/download/source-map-support-0.5.19.tgz}
    name: source-map-support
    version: 0.5.19
    dependencies:
      buffer-from: registry.nlark.com/buffer-from/1.1.2
      source-map: registry.nlark.com/source-map/0.6.1
    dev: false

  registry.nlark.com/source-map/0.6.1:
    resolution: {integrity: sha1-dHIq8y6WFOnCh6jQu95IteLxomM=, registry: https://registry.npm.taobao.org/, tarball: https://registry.nlark.com/source-map/download/source-map-0.6.1.tgz}
    name: source-map
    version: 0.6.1
    engines: {node: '>=0.10.0'}

  registry.nlark.com/statuses/1.5.0:
    resolution: {integrity: sha1-Fhx9rBd2Wf2YEfQ3cfqZOBR4Yow=, registry: https://registry.npm.taobao.org/, tarball: https://registry.nlark.com/statuses/download/statuses-1.5.0.tgz}
    name: statuses
    version: 1.5.0
    engines: {node: '>= 0.6'}
    dev: false

  registry.nlark.com/typescript/4.3.5:
    resolution: {integrity: sha1-TRw3zBbok5c8RaBohrcRMjTxGfQ=, registry: https://registry.npm.taobao.org/, tarball: https://registry.nlark.com/typescript/download/typescript-4.3.5.tgz}
    name: typescript
    version: 4.3.5
    engines: {node: '>=4.2.0'}
    hasBin: true
    dev: true

  registry.nlark.com/unpipe/1.0.0:
    resolution: {integrity: sha1-sr9O6FFKrmFltIF4KdIbLvSZBOw=, registry: https://registry.npm.taobao.org/, tarball: https://registry.nlark.com/unpipe/download/unpipe-1.0.0.tgz}
    name: unpipe
    version: 1.0.0
    engines: {node: '>= 0.8'}
    dev: false
